// !$*UTF8*$!
{
	archiveVersion = 1;
	classes = {
	};
	objectVersion = 55;
	objects = {

/* Begin PBXBuildFile section */
		81EE6C8627E3BC660068E929 /* List_compile_check.cpp in Sources */ = {isa = PBXBuildFile; fileRef = 81EE6C7327E3BC660068E929 /* List_compile_check.cpp */; };
/* End PBXBuildFile section */

/* Begin PBXCopyFilesBuildPhase section */
		81EE6C6227E3BBF30068E929 /* CopyFiles */ = {
			isa = PBXCopyFilesBuildPhase;
			buildActionMask = 2147483647;
			dstPath = /usr/share/man/man1/;
			dstSubfolderSpec = 0;
			files = (
			);
			runOnlyForDeploymentPostprocessing = 1;
		};
/* End PBXCopyFilesBuildPhase section */

/* Begin PBXFileReference section */
		81EE6C6427E3BBF30068E929 /* p4-web */ = {isa = PBXFileReference; explicitFileType = "compiled.mach-o.executable"; includeInIndex = 0; path = "p4-web"; sourceTree = BUILT_PRODUCTS_DIR; };
		81EE6C6E27E3BC660068E929 /* index.html */ = {isa = PBXFileReference; fileEncoding = 4; lastKnownFileType = text.html; path = index.html; sourceTree = "<group>"; };
		81EE6C6F27E3BC660068E929 /* List_tests.cpp */ = {isa = PBXFileReference; fileEncoding = 4; lastKnownFileType = sourcecode.cpp.cpp; path = List_tests.cpp; sourceTree = "<group>"; };
		81EE6C7027E3BC660068E929 /* public_error01.out.correct */ = {isa = PBXFileReference; fileEncoding = 4; lastKnownFileType = text; path = public_error01.out.correct; sourceTree = "<group>"; };
		81EE6C7127E3BC660068E929 /* test03.in */ = {isa = PBXFileReference; fileEncoding = 4; lastKnownFileType = text; path = test03.in; sourceTree = "<group>"; };
		81EE6C7227E3BC660068E929 /* test04.out.correct */ = {isa = PBXFileReference; fileEncoding = 4; lastKnownFileType = text; path = test04.out.correct; sourceTree = "<group>"; };
		81EE6C7327E3BC660068E929 /* List_compile_check.cpp */ = {isa = PBXFileReference; fileEncoding = 4; lastKnownFileType = sourcecode.cpp.cpp; path = List_compile_check.cpp; sourceTree = "<group>"; };
		81EE6C7427E3BC660068E929 /* server.py */ = {isa = PBXFileReference; fileEncoding = 4; lastKnownFileType = text.script.python; path = server.py; sourceTree = "<group>"; };
		81EE6C7527E3BC660068E929 /* test02.out.correct */ = {isa = PBXFileReference; fileEncoding = 4; lastKnownFileType = text; path = test02.out.correct; sourceTree = "<group>"; };
		81EE6C7627E3BC660068E929 /* json.hpp */ = {isa = PBXFileReference; fileEncoding = 4; lastKnownFileType = sourcecode.cpp.h; path = json.hpp; sourceTree = "<group>"; };
		81EE6C7727E3BC660068E929 /* test04.in */ = {isa = PBXFileReference; fileEncoding = 4; lastKnownFileType = text; path = test04.in; sourceTree = "<group>"; };
		81EE6C7827E3BC660068E929 /* test05.in */ = {isa = PBXFileReference; fileEncoding = 4; lastKnownFileType = text; path = test05.in; sourceTree = "<group>"; };
		81EE6C7927E3BC660068E929 /* test02.in */ = {isa = PBXFileReference; fileEncoding = 4; lastKnownFileType = text; path = test02.in; sourceTree = "<group>"; };
		81EE6C7A27E3BC660068E929 /* test01.out.correct */ = {isa = PBXFileReference; fileEncoding = 4; lastKnownFileType = text; path = test01.out.correct; sourceTree = "<group>"; };
		81EE6C7B27E3BC660068E929 /* public_error01.in */ = {isa = PBXFileReference; fileEncoding = 4; lastKnownFileType = text; path = public_error01.in; sourceTree = "<group>"; };
		81EE6C7C27E3BC660068E929 /* api.cpp */ = {isa = PBXFileReference; fileEncoding = 4; lastKnownFileType = sourcecode.cpp.cpp; path = api.cpp; sourceTree = "<group>"; };
		81EE6C7D27E3BC660068E929 /* index.css */ = {isa = PBXFileReference; fileEncoding = 4; lastKnownFileType = text.css; path = index.css; sourceTree = "<group>"; };
		81EE6C7E27E3BC660068E929 /* List.h */ = {isa = PBXFileReference; fileEncoding = 4; lastKnownFileType = sourcecode.c.h; path = List.h; sourceTree = "<group>"; };
		81EE6C7F27E3BC660068E929 /* test01.in */ = {isa = PBXFileReference; fileEncoding = 4; lastKnownFileType = text; path = test01.in; sourceTree = "<group>"; };
		81EE6C8027E3BC660068E929 /* List_public_test.cpp */ = {isa = PBXFileReference; fileEncoding = 4; lastKnownFileType = sourcecode.cpp.cpp; path = List_public_test.cpp; sourceTree = "<group>"; };
		81EE6C8127E3BC660068E929 /* test05.out.correct */ = {isa = PBXFileReference; fileEncoding = 4; lastKnownFileType = text; path = test05.out.correct; sourceTree = "<group>"; };
		81EE6C8227E3BC660068E929 /* unit_test_framework.h */ = {isa = PBXFileReference; fileEncoding = 4; lastKnownFileType = sourcecode.c.h; path = unit_test_framework.h; sourceTree = "<group>"; };
		81EE6C8327E3BC660068E929 /* Makefile */ = {isa = PBXFileReference; fileEncoding = 4; lastKnownFileType = sourcecode.make; path = Makefile; sourceTree = "<group>"; };
		81EE6C8427E3BC660068E929 /* test03.out.correct */ = {isa = PBXFileReference; fileEncoding = 4; lastKnownFileType = text; path = test03.out.correct; sourceTree = "<group>"; };
/* End PBXFileReference section */

/* Begin PBXFrameworksBuildPhase section */
		81EE6C6127E3BBF30068E929 /* Frameworks */ = {
			isa = PBXFrameworksBuildPhase;
			buildActionMask = 2147483647;
			files = (
			);
			runOnlyForDeploymentPostprocessing = 0;
		};
/* End PBXFrameworksBuildPhase section */

/* Begin PBXGroup section */
		81EE6C5B27E3BBF30068E929 = {
			isa = PBXGroup;
			children = (
				81EE6C7C27E3BC660068E929 /* api.cpp */,
				81EE6C7D27E3BC660068E929 /* index.css */,
				81EE6C6E27E3BC660068E929 /* index.html */,
				81EE6C7627E3BC660068E929 /* json.hpp */,
				81EE6C7327E3BC660068E929 /* List_compile_check.cpp */,
				81EE6C8027E3BC660068E929 /* List_public_test.cpp */,
				81EE6C6F27E3BC660068E929 /* List_tests.cpp */,
				81EE6C7E27E3BC660068E929 /* List.h */,
				81EE6C8327E3BC660068E929 /* Makefile */,
				81EE6C7B27E3BC660068E929 /* public_error01.in */,
				81EE6C7027E3BC660068E929 /* public_error01.out.correct */,
				81EE6C7427E3BC660068E929 /* server.py */,
				81EE6C7F27E3BC660068E929 /* test01.in */,
				81EE6C7A27E3BC660068E929 /* test01.out.correct */,
				81EE6C7927E3BC660068E929 /* test02.in */,
				81EE6C7527E3BC660068E929 /* test02.out.correct */,
				81EE6C7127E3BC660068E929 /* test03.in */,
				81EE6C8427E3BC660068E929 /* test03.out.correct */,
				81EE6C7727E3BC660068E929 /* test04.in */,
				81EE6C7227E3BC660068E929 /* test04.out.correct */,
				81EE6C7827E3BC660068E929 /* test05.in */,
				81EE6C8127E3BC660068E929 /* test05.out.correct */,
				81EE6C8227E3BC660068E929 /* unit_test_framework.h */,
				81EE6C6527E3BBF30068E929 /* Products */,
			);
			sourceTree = "<group>";
		};
		81EE6C6527E3BBF30068E929 /* Products */ = {
			isa = PBXGroup;
			children = (
				81EE6C6427E3BBF30068E929 /* p4-web */,
			);
			name = Products;
			sourceTree = "<group>";
		};
/* End PBXGroup section */

/* Begin PBXNativeTarget section */
		81EE6C6327E3BBF30068E929 /* p4-web */ = {
			isa = PBXNativeTarget;
			buildConfigurationList = 81EE6C6B27E3BBF30068E929 /* Build configuration list for PBXNativeTarget "p4-web" */;
			buildPhases = (
				81EE6C6027E3BBF30068E929 /* Sources */,
				81EE6C6127E3BBF30068E929 /* Frameworks */,
				81EE6C6227E3BBF30068E929 /* CopyFiles */,
			);
			buildRules = (
			);
			dependencies = (
			);
			name = "p4-web";
			productName = "p4-web";
			productReference = 81EE6C6427E3BBF30068E929 /* p4-web */;
			productType = "com.apple.product-type.tool";
		};
/* End PBXNativeTarget section */

/* Begin PBXProject section */
		81EE6C5C27E3BBF30068E929 /* Project object */ = {
			isa = PBXProject;
			attributes = {
				BuildIndependentTargetsInParallel = 1;
				LastUpgradeCheck = 1330;
				TargetAttributes = {
					81EE6C6327E3BBF30068E929 = {
						CreatedOnToolsVersion = 13.3;
					};
				};
			};
			buildConfigurationList = 81EE6C5F27E3BBF30068E929 /* Build configuration list for PBXProject "p4-web" */;
			compatibilityVersion = "Xcode 13.0";
			developmentRegion = en;
			hasScannedForEncodings = 0;
			knownRegions = (
				en,
				Base,
			);
			mainGroup = 81EE6C5B27E3BBF30068E929;
			productRefGroup = 81EE6C6527E3BBF30068E929 /* Products */;
			projectDirPath = "";
			projectRoot = "";
			targets = (
				81EE6C6327E3BBF30068E929 /* p4-web */,
			);
		};
/* End PBXProject section */

/* Begin PBXSourcesBuildPhase section */
		81EE6C6027E3BBF30068E929 /* Sources */ = {
			isa = PBXSourcesBuildPhase;
			buildActionMask = 2147483647;
			files = (
				81EE6C8627E3BC660068E929 /* List_compile_check.cpp in Sources */,
			);
			runOnlyForDeploymentPostprocessing = 0;
		};
/* End PBXSourcesBuildPhase section */

/* Begin XCBuildConfiguration section */
		81EE6C6927E3BBF30068E929 /* Debug */ = {
			isa = XCBuildConfiguration;
			buildSettings = {
				ALWAYS_SEARCH_USER_PATHS = NO;
				CLANG_ANALYZER_NONNULL = YES;
				CLANG_ANALYZER_NUMBER_OBJECT_CONVERSION = YES_AGGRESSIVE;
				CLANG_CXX_LANGUAGE_STANDARD = "gnu++17";
				CLANG_ENABLE_MODULES = YES;
				CLANG_ENABLE_OBJC_ARC = YES;
				CLANG_ENABLE_OBJC_WEAK = YES;
				CLANG_WARN_BLOCK_CAPTURE_AUTORELEASING = YES;
				CLANG_WARN_BOOL_CONVERSION = YES;
				CLANG_WARN_COMMA = YES;
				CLANG_WARN_CONSTANT_CONVERSION = YES;
				CLANG_WARN_DEPRECATED_OBJC_IMPLEMENTATIONS = YES;
				CLANG_WARN_DIRECT_OBJC_ISA_USAGE = YES_ERROR;
				CLANG_WARN_DOCUMENTATION_COMMENTS = YES;
				CLANG_WARN_EMPTY_BODY = YES;
				CLANG_WARN_ENUM_CONVERSION = YES;
				CLANG_WARN_INFINITE_RECURSION = YES;
				CLANG_WARN_INT_CONVERSION = YES;
				CLANG_WARN_NON_LITERAL_NULL_CONVERSION = YES;
				CLANG_WARN_OBJC_IMPLICIT_RETAIN_SELF = YES;
				CLANG_WARN_OBJC_LITERAL_CONVERSION = YES;
				CLANG_WARN_OBJC_ROOT_CLASS = YES_ERROR;
				CLANG_WARN_QUOTED_INCLUDE_IN_FRAMEWORK_HEADER = YES;
				CLANG_WARN_RANGE_LOOP_ANALYSIS = YES;
				CLANG_WARN_STRICT_PROTOTYPES = YES;
				CLANG_WARN_SUSPICIOUS_MOVE = YES;
				CLANG_WARN_UNGUARDED_AVAILABILITY = YES_AGGRESSIVE;
				CLANG_WARN_UNREACHABLE_CODE = YES;
				CLANG_WARN__DUPLICATE_METHOD_MATCH = YES;
				COPY_PHASE_STRIP = NO;
				DEBUG_INFORMATION_FORMAT = dwarf;
				ENABLE_STRICT_OBJC_MSGSEND = YES;
				ENABLE_TESTABILITY = YES;
				GCC_C_LANGUAGE_STANDARD = gnu11;
				GCC_DYNAMIC_NO_PIC = NO;
				GCC_NO_COMMON_BLOCKS = YES;
				GCC_OPTIMIZATION_LEVEL = 0;
				GCC_PREPROCESSOR_DEFINITIONS = (
					"DEBUG=1",
					"$(inherited)",
				);
				GCC_WARN_64_TO_32_BIT_CONVERSION = YES;
				GCC_WARN_ABOUT_RETURN_TYPE = YES_ERROR;
				GCC_WARN_UNDECLARED_SELECTOR = YES;
				GCC_WARN_UNINITIALIZED_AUTOS = YES_AGGRESSIVE;
				GCC_WARN_UNUSED_FUNCTION = YES;
				GCC_WARN_UNUSED_VARIABLE = YES;
				MACOSX_DEPLOYMENT_TARGET = 12.0;
				MTL_ENABLE_DEBUG_INFO = INCLUDE_SOURCE;
				MTL_FAST_MATH = YES;
				ONLY_ACTIVE_ARCH = YES;
				SDKROOT = macosx;
			};
			name = Debug;
		};
		81EE6C6A27E3BBF30068E929 /* Release */ = {
			isa = XCBuildConfiguration;
			buildSettings = {
				ALWAYS_SEARCH_USER_PATHS = NO;
				CLANG_ANALYZER_NONNULL = YES;
				CLANG_ANALYZER_NUMBER_OBJECT_CONVERSION = YES_AGGRESSIVE;
				CLANG_CXX_LANGUAGE_STANDARD = "gnu++17";
				CLANG_ENABLE_MODULES = YES;
				CLANG_ENABLE_OBJC_ARC = YES;
				CLANG_ENABLE_OBJC_WEAK = YES;
				CLANG_WARN_BLOCK_CAPTURE_AUTORELEASING = YES;
				CLANG_WARN_BOOL_CONVERSION = YES;
				CLANG_WARN_COMMA = YES;
				CLANG_WARN_CONSTANT_CONVERSION = YES;
				CLANG_WARN_DEPRECATED_OBJC_IMPLEMENTATIONS = YES;
				CLANG_WARN_DIRECT_OBJC_ISA_USAGE = YES_ERROR;
				CLANG_WARN_DOCUMENTATION_COMMENTS = YES;
				CLANG_WARN_EMPTY_BODY = YES;
				CLANG_WARN_ENUM_CONVERSION = YES;
				CLANG_WARN_INFINITE_RECURSION = YES;
				CLANG_WARN_INT_CONVERSION = YES;
				CLANG_WARN_NON_LITERAL_NULL_CONVERSION = YES;
				CLANG_WARN_OBJC_IMPLICIT_RETAIN_SELF = YES;
				CLANG_WARN_OBJC_LITERAL_CONVERSION = YES;
				CLANG_WARN_OBJC_ROOT_CLASS = YES_ERROR;
				CLANG_WARN_QUOTED_INCLUDE_IN_FRAMEWORK_HEADER = YES;
				CLANG_WARN_RANGE_LOOP_ANALYSIS = YES;
				CLANG_WARN_STRICT_PROTOTYPES = YES;
				CLANG_WARN_SUSPICIOUS_MOVE = YES;
				CLANG_WARN_UNGUARDED_AVAILABILITY = YES_AGGRESSIVE;
				CLANG_WARN_UNREACHABLE_CODE = YES;
				CLANG_WARN__DUPLICATE_METHOD_MATCH = YES;
				COPY_PHASE_STRIP = NO;
				DEBUG_INFORMATION_FORMAT = "dwarf-with-dsym";
				ENABLE_NS_ASSERTIONS = NO;
				ENABLE_STRICT_OBJC_MSGSEND = YES;
				GCC_C_LANGUAGE_STANDARD = gnu11;
				GCC_NO_COMMON_BLOCKS = YES;
				GCC_WARN_64_TO_32_BIT_CONVERSION = YES;
				GCC_WARN_ABOUT_RETURN_TYPE = YES_ERROR;
				GCC_WARN_UNDECLARED_SELECTOR = YES;
				GCC_WARN_UNINITIALIZED_AUTOS = YES_AGGRESSIVE;
				GCC_WARN_UNUSED_FUNCTION = YES;
				GCC_WARN_UNUSED_VARIABLE = YES;
				MACOSX_DEPLOYMENT_TARGET = 12.0;
				MTL_ENABLE_DEBUG_INFO = NO;
				MTL_FAST_MATH = YES;
				SDKROOT = macosx;
			};
			name = Release;
		};
		81EE6C6C27E3BBF30068E929 /* Debug */ = {
			isa = XCBuildConfiguration;
			buildSettings = {
				CODE_SIGN_STYLE = Automatic;
				PRODUCT_NAME = "$(TARGET_NAME)";
			};
			name = Debug;
		};
		81EE6C6D27E3BBF30068E929 /* Release */ = {
			isa = XCBuildConfiguration;
			buildSettings = {
				CODE_SIGN_STYLE = Automatic;
				PRODUCT_NAME = "$(TARGET_NAME)";
			};
			name = Release;
		};
/* End XCBuildConfiguration section */

/* Begin XCConfigurationList section */
		81EE6C5F27E3BBF30068E929 /* Build configuration list for PBXProject "p4-web" */ = {
			isa = XCConfigurationList;
			buildConfigurations = (
				81EE6C6927E3BBF30068E929 /* Debug */,
				81EE6C6A27E3BBF30068E929 /* Release */,
			);
			defaultConfigurationIsVisible = 0;
			defaultConfigurationName = Release;
		};
		81EE6C6B27E3BBF30068E929 /* Build configuration list for PBXNativeTarget "p4-web" */ = {
			isa = XCConfigurationList;
			buildConfigurations = (
				81EE6C6C27E3BBF30068E929 /* Debug */,
				81EE6C6D27E3BBF30068E929 /* Release */,
			);
			defaultConfigurationIsVisible = 0;
			defaultConfigurationName = Release;
		};
/* End XCConfigurationList section */
	};
	rootObject = 81EE6C5C27E3BBF30068E929 /* Project object */;
}
